
Microsoft Visual Studio Solution File, Format Version 12.00
# Visual Studio Version 16
VisualStudioVersion = 16.0.29001.49
MinimumVisualStudioVersion = 10.0.40219.1
Project("{FAE04EC0-301F-11D3-BF4B-00C04F79EFBC}") = "Reproductor", "Reproductor\Reproductor.csproj", "{DDFCB292-D55B-4393-B682-49E9E4F04123}"
EndProject
Global
	GlobalSection(SolutionConfigurationPlatforms) = preSolution
		Debug|Any CPU = Debug|Any CPU
		Release|Any CPU = Release|Any CPU
	EndGlobalSection
	GlobalSection(ProjectConfigurationPlatforms) = postSolution
		{DDFCB292-D55B-4393-B682-49E9E4F04123}.Debug|Any CPU.ActiveCfg = Debug|Any CPU
		{DDFCB292-D55B-4393-B682-49E9E4F04123}.Debug|Any CPU.Build.0 = Debug|Any CPU
		{DDFCB292-D55B-4393-B682-49E9E4F04123}.Release|Any CPU.ActiveCfg = Release|Any CPU
		{DDFCB292-D55B-4393-B682-49E9E4F04123}.Release|Any CPU.Build.0 = Release|Any CPU
	EndGlobalSection
	GlobalSection(SolutionProperties) = preSolution
		HideSolutionNode = FALSE
	EndGlobalSection
	GlobalSection(ExtensibilityGlobals) = postSolution
		SolutionGuid = {6946201C-23EE-4A0D-9AC4-8B2570E4F7FB}
	EndGlobalSection
EndGlobal
